
Microsoft Visual Studio Solution File, Format Version 12.00
# Visual Studio 15
Project("{FAE04EC0-301F-11D3-BF4B-00C04F79EFBC}") = "POS-Console", "POS-Console\POS-Console.csproj", "{BBA831FC-1F8D-427C-A68C-9610A5687D9B}"
EndProject
Global
	GlobalSection(SolutionConfigurationPlatforms) = preSolution
		Debug|x86 = Debug|x86
		Release|x86 = Release|x86
	EndGlobalSection
	GlobalSection(ProjectConfigurationPlatforms) = postSolution
		{BBA831FC-1F8D-427C-A68C-9610A5687D9B}.Debug|x86.ActiveCfg = Debug|x86
		{BBA831FC-1F8D-427C-A68C-9610A5687D9B}.Debug|x86.Build.0 = Debug|x86
		{BBA831FC-1F8D-427C-A68C-9610A5687D9B}.Release|x86.ActiveCfg = Release|x86
		{BBA831FC-1F8D-427C-A68C-9610A5687D9B}.Release|x86.Build.0 = Release|x86
	EndGlobalSection
EndGlobal
